
Microsoft Visual Studio Solution File, Format Version 12.00
Project("{FAE04EC0-301F-11D3-BF4B-00C04F79EFBC}") = "ProtoMediator", "ProtoMediator\ProtoMediator.csproj", "{04A6D435-D808-4E9A-B939-F83C2B6957CA}"
EndProject
Project("{FAE04EC0-301F-11D3-BF4B-00C04F79EFBC}") = "MoulaCustomers", "MoulaCustomers\MoulaCustomers.csproj", "{0575D55A-1546-450A-B80B-17393E9D5567}"
EndProject
Project("{FAE04EC0-301F-11D3-BF4B-00C04F79EFBC}") = "CommonContracts", "CommonContracts\CommonContracts.csproj", "{1FB9BE6A-FA9C-4C8B-8DFE-ACED4799680D}"
EndProject
Project("{FAE04EC0-301F-11D3-BF4B-00C04F79EFBC}") = "BIRuleManager", "BIRuleManager\BIRuleManager.csproj", "{AC70FFEC-AF0F-4D85-842D-9CC161930966}"
EndProject
Project("{FAE04EC0-301F-11D3-BF4B-00C04F79EFBC}") = "BIRuleProcessor", "BIRuleProcessor\BIRuleProcessor.csproj", "{B0132925-9830-4E7B-A9C2-59F431263684}"
EndProject
Project("{FAE04EC0-301F-11D3-BF4B-00C04F79EFBC}") = "DataAccess", "DataAccess\DataAccess.csproj", "{7E735A71-5121-40DE-B132-26EDC878A89F}"
EndProject
Project("{FAE04EC0-301F-11D3-BF4B-00C04F79EFBC}") = "MoulaClient", "MoulaClient\MoulaClient.csproj", "{7006EB96-4766-4373-A6B0-1B4289E5BD50}"
EndProject
Project("{FAE04EC0-301F-11D3-BF4B-00C04F79EFBC}") = "ServiceLocator", "ServiceLocator\ServiceLocator.csproj", "{63D24105-BD8F-4534-9B6B-C2EE8A3C6CCD}"
EndProject
Project("{FAE04EC0-301F-11D3-BF4B-00C04F79EFBC}") = "ClientCommon", "ClientCommon\ClientCommon.csproj", "{5EC8105C-3A5A-4EC5-91E2-BD4BE10E18CD}"
EndProject
Global
	GlobalSection(SolutionConfigurationPlatforms) = preSolution
		Debug|Any CPU = Debug|Any CPU
		Release|Any CPU = Release|Any CPU
	EndGlobalSection
	GlobalSection(ProjectConfigurationPlatforms) = postSolution
		{04A6D435-D808-4E9A-B939-F83C2B6957CA}.Debug|Any CPU.ActiveCfg = Debug|Any CPU
		{04A6D435-D808-4E9A-B939-F83C2B6957CA}.Debug|Any CPU.Build.0 = Debug|Any CPU
		{04A6D435-D808-4E9A-B939-F83C2B6957CA}.Release|Any CPU.ActiveCfg = Release|Any CPU
		{04A6D435-D808-4E9A-B939-F83C2B6957CA}.Release|Any CPU.Build.0 = Release|Any CPU
		{0575D55A-1546-450A-B80B-17393E9D5567}.Debug|Any CPU.ActiveCfg = Debug|Any CPU
		{0575D55A-1546-450A-B80B-17393E9D5567}.Debug|Any CPU.Build.0 = Debug|Any CPU
		{0575D55A-1546-450A-B80B-17393E9D5567}.Release|Any CPU.ActiveCfg = Release|Any CPU
		{0575D55A-1546-450A-B80B-17393E9D5567}.Release|Any CPU.Build.0 = Release|Any CPU
		{1FB9BE6A-FA9C-4C8B-8DFE-ACED4799680D}.Debug|Any CPU.ActiveCfg = Debug|Any CPU
		{1FB9BE6A-FA9C-4C8B-8DFE-ACED4799680D}.Debug|Any CPU.Build.0 = Debug|Any CPU
		{1FB9BE6A-FA9C-4C8B-8DFE-ACED4799680D}.Release|Any CPU.ActiveCfg = Release|Any CPU
		{1FB9BE6A-FA9C-4C8B-8DFE-ACED4799680D}.Release|Any CPU.Build.0 = Release|Any CPU
		{AC70FFEC-AF0F-4D85-842D-9CC161930966}.Debug|Any CPU.ActiveCfg = Debug|Any CPU
		{AC70FFEC-AF0F-4D85-842D-9CC161930966}.Debug|Any CPU.Build.0 = Debug|Any CPU
		{AC70FFEC-AF0F-4D85-842D-9CC161930966}.Release|Any CPU.ActiveCfg = Release|Any CPU
		{AC70FFEC-AF0F-4D85-842D-9CC161930966}.Release|Any CPU.Build.0 = Release|Any CPU
		{B0132925-9830-4E7B-A9C2-59F431263684}.Debug|Any CPU.ActiveCfg = Debug|Any CPU
		{B0132925-9830-4E7B-A9C2-59F431263684}.Debug|Any CPU.Build.0 = Debug|Any CPU
		{B0132925-9830-4E7B-A9C2-59F431263684}.Release|Any CPU.ActiveCfg = Release|Any CPU
		{B0132925-9830-4E7B-A9C2-59F431263684}.Release|Any CPU.Build.0 = Release|Any CPU
		{7E735A71-5121-40DE-B132-26EDC878A89F}.Debug|Any CPU.ActiveCfg = Debug|Any CPU
		{7E735A71-5121-40DE-B132-26EDC878A89F}.Debug|Any CPU.Build.0 = Debug|Any CPU
		{7E735A71-5121-40DE-B132-26EDC878A89F}.Release|Any CPU.ActiveCfg = Release|Any CPU
		{7E735A71-5121-40DE-B132-26EDC878A89F}.Release|Any CPU.Build.0 = Release|Any CPU
		{7006EB96-4766-4373-A6B0-1B4289E5BD50}.Debug|Any CPU.ActiveCfg = Debug|Any CPU
		{7006EB96-4766-4373-A6B0-1B4289E5BD50}.Debug|Any CPU.Build.0 = Debug|Any CPU
		{7006EB96-4766-4373-A6B0-1B4289E5BD50}.Release|Any CPU.ActiveCfg = Release|Any CPU
		{7006EB96-4766-4373-A6B0-1B4289E5BD50}.Release|Any CPU.Build.0 = Release|Any CPU
		{63D24105-BD8F-4534-9B6B-C2EE8A3C6CCD}.Debug|Any CPU.ActiveCfg = Debug|Any CPU
		{63D24105-BD8F-4534-9B6B-C2EE8A3C6CCD}.Debug|Any CPU.Build.0 = Debug|Any CPU
		{63D24105-BD8F-4534-9B6B-C2EE8A3C6CCD}.Release|Any CPU.ActiveCfg = Release|Any CPU
		{63D24105-BD8F-4534-9B6B-C2EE8A3C6CCD}.Release|Any CPU.Build.0 = Release|Any CPU
		{5EC8105C-3A5A-4EC5-91E2-BD4BE10E18CD}.Debug|Any CPU.ActiveCfg = Debug|Any CPU
		{5EC8105C-3A5A-4EC5-91E2-BD4BE10E18CD}.Debug|Any CPU.Build.0 = Debug|Any CPU
		{5EC8105C-3A5A-4EC5-91E2-BD4BE10E18CD}.Release|Any CPU.ActiveCfg = Release|Any CPU
		{5EC8105C-3A5A-4EC5-91E2-BD4BE10E18CD}.Release|Any CPU.Build.0 = Release|Any CPU
	EndGlobalSection
EndGlobal
